
Microsoft Visual Studio Solution File, Format Version 12.00
# Visual Studio 15
VisualStudioVersion = 15.0.27004.2005
MinimumVisualStudioVersion = 15.0.26124.0
Project("{9A19103F-16F7-4668-BE54-9A1E7A4F7556}") = "alimentation", "alimentation\alimentation.csproj", "{0E2AEC99-D0E7-4707-9FBB-446EABB1175B}"
EndProject
Project("{9A19103F-16F7-4668-BE54-9A1E7A4F7556}") = "Model", "Model\Model.csproj", "{A2DE47B6-1FA7-4367-B251-29911BEC6A96}"
EndProject
Project("{FAE04EC0-301F-11D3-BF4B-00C04F79EFBC}") = "WebApi", "WebApi\WebApi.csproj", "{A8CE437E-4892-447B-9747-759B3CFB119F}"
EndProject
Project("{FAE04EC0-301F-11D3-BF4B-00C04F79EFBC}") = "Business.Interface", "Business.Interface\Business.Interface.csproj", "{CCC068FD-5E08-40BD-A895-4E89D265AA25}"
EndProject
Project("{FAE04EC0-301F-11D3-BF4B-00C04F79EFBC}") = "Business", "Business\Business.csproj", "{6027D85A-3198-4929-8AD8-AA2D5AF2C99D}"
EndProject
Global
	GlobalSection(SolutionConfigurationPlatforms) = preSolution
		Debug|Any CPU = Debug|Any CPU
		Debug|x64 = Debug|x64
		Debug|x86 = Debug|x86
		Release|Any CPU = Release|Any CPU
		Release|x64 = Release|x64
		Release|x86 = Release|x86
	EndGlobalSection
	GlobalSection(ProjectConfigurationPlatforms) = postSolution
		{0E2AEC99-D0E7-4707-9FBB-446EABB1175B}.Debug|Any CPU.ActiveCfg = Debug|Any CPU
		{0E2AEC99-D0E7-4707-9FBB-446EABB1175B}.Debug|Any CPU.Build.0 = Debug|Any CPU
		{0E2AEC99-D0E7-4707-9FBB-446EABB1175B}.Debug|x64.ActiveCfg = Debug|Any CPU
		{0E2AEC99-D0E7-4707-9FBB-446EABB1175B}.Debug|x64.Build.0 = Debug|Any CPU
		{0E2AEC99-D0E7-4707-9FBB-446EABB1175B}.Debug|x86.ActiveCfg = Debug|Any CPU
		{0E2AEC99-D0E7-4707-9FBB-446EABB1175B}.Debug|x86.Build.0 = Debug|Any CPU
		{0E2AEC99-D0E7-4707-9FBB-446EABB1175B}.Release|Any CPU.ActiveCfg = Release|Any CPU
		{0E2AEC99-D0E7-4707-9FBB-446EABB1175B}.Release|Any CPU.Build.0 = Release|Any CPU
		{0E2AEC99-D0E7-4707-9FBB-446EABB1175B}.Release|x64.ActiveCfg = Release|Any CPU
		{0E2AEC99-D0E7-4707-9FBB-446EABB1175B}.Release|x64.Build.0 = Release|Any CPU
		{0E2AEC99-D0E7-4707-9FBB-446EABB1175B}.Release|x86.ActiveCfg = Release|Any CPU
		{0E2AEC99-D0E7-4707-9FBB-446EABB1175B}.Release|x86.Build.0 = Release|Any CPU
		{A2DE47B6-1FA7-4367-B251-29911BEC6A96}.Debug|Any CPU.ActiveCfg = Debug|Any CPU
		{A2DE47B6-1FA7-4367-B251-29911BEC6A96}.Debug|Any CPU.Build.0 = Debug|Any CPU
		{A2DE47B6-1FA7-4367-B251-29911BEC6A96}.Debug|x64.ActiveCfg = Debug|Any CPU
		{A2DE47B6-1FA7-4367-B251-29911BEC6A96}.Debug|x64.Build.0 = Debug|Any CPU
		{A2DE47B6-1FA7-4367-B251-29911BEC6A96}.Debug|x86.ActiveCfg = Debug|Any CPU
		{A2DE47B6-1FA7-4367-B251-29911BEC6A96}.Debug|x86.Build.0 = Debug|Any CPU
		{A2DE47B6-1FA7-4367-B251-29911BEC6A96}.Release|Any CPU.ActiveCfg = Release|Any CPU
		{A2DE47B6-1FA7-4367-B251-29911BEC6A96}.Release|Any CPU.Build.0 = Release|Any CPU
		{A2DE47B6-1FA7-4367-B251-29911BEC6A96}.Release|x64.ActiveCfg = Release|Any CPU
		{A2DE47B6-1FA7-4367-B251-29911BEC6A96}.Release|x64.Build.0 = Release|Any CPU
		{A2DE47B6-1FA7-4367-B251-29911BEC6A96}.Release|x86.ActiveCfg = Release|Any CPU
		{A2DE47B6-1FA7-4367-B251-29911BEC6A96}.Release|x86.Build.0 = Release|Any CPU
		{A8CE437E-4892-447B-9747-759B3CFB119F}.Debug|Any CPU.ActiveCfg = Debug|Any CPU
		{A8CE437E-4892-447B-9747-759B3CFB119F}.Debug|Any CPU.Build.0 = Debug|Any CPU
		{A8CE437E-4892-447B-9747-759B3CFB119F}.Debug|x64.ActiveCfg = Debug|Any CPU
		{A8CE437E-4892-447B-9747-759B3CFB119F}.Debug|x64.Build.0 = Debug|Any CPU
		{A8CE437E-4892-447B-9747-759B3CFB119F}.Debug|x86.ActiveCfg = Debug|Any CPU
		{A8CE437E-4892-447B-9747-759B3CFB119F}.Debug|x86.Build.0 = Debug|Any CPU
		{A8CE437E-4892-447B-9747-759B3CFB119F}.Release|Any CPU.ActiveCfg = Release|Any CPU
		{A8CE437E-4892-447B-9747-759B3CFB119F}.Release|Any CPU.Build.0 = Release|Any CPU
		{A8CE437E-4892-447B-9747-759B3CFB119F}.Release|x64.ActiveCfg = Release|Any CPU
		{A8CE437E-4892-447B-9747-759B3CFB119F}.Release|x64.Build.0 = Release|Any CPU
		{A8CE437E-4892-447B-9747-759B3CFB119F}.Release|x86.ActiveCfg = Release|Any CPU
		{A8CE437E-4892-447B-9747-759B3CFB119F}.Release|x86.Build.0 = Release|Any CPU
		{CCC068FD-5E08-40BD-A895-4E89D265AA25}.Debug|Any CPU.ActiveCfg = Debug|Any CPU
		{CCC068FD-5E08-40BD-A895-4E89D265AA25}.Debug|Any CPU.Build.0 = Debug|Any CPU
		{CCC068FD-5E08-40BD-A895-4E89D265AA25}.Debug|x64.ActiveCfg = Debug|Any CPU
		{CCC068FD-5E08-40BD-A895-4E89D265AA25}.Debug|x64.Build.0 = Debug|Any CPU
		{CCC068FD-5E08-40BD-A895-4E89D265AA25}.Debug|x86.ActiveCfg = Debug|Any CPU
		{CCC068FD-5E08-40BD-A895-4E89D265AA25}.Debug|x86.Build.0 = Debug|Any CPU
		{CCC068FD-5E08-40BD-A895-4E89D265AA25}.Release|Any CPU.ActiveCfg = Release|Any CPU
		{CCC068FD-5E08-40BD-A895-4E89D265AA25}.Release|Any CPU.Build.0 = Release|Any CPU
		{CCC068FD-5E08-40BD-A895-4E89D265AA25}.Release|x64.ActiveCfg = Release|Any CPU
		{CCC068FD-5E08-40BD-A895-4E89D265AA25}.Release|x64.Build.0 = Release|Any CPU
		{CCC068FD-5E08-40BD-A895-4E89D265AA25}.Release|x86.ActiveCfg = Release|Any CPU
		{CCC068FD-5E08-40BD-A895-4E89D265AA25}.Release|x86.Build.0 = Release|Any CPU
		{6027D85A-3198-4929-8AD8-AA2D5AF2C99D}.Debug|Any CPU.ActiveCfg = Debug|Any CPU
		{6027D85A-3198-4929-8AD8-AA2D5AF2C99D}.Debug|Any CPU.Build.0 = Debug|Any CPU
		{6027D85A-3198-4929-8AD8-AA2D5AF2C99D}.Debug|x64.ActiveCfg = Debug|Any CPU
		{6027D85A-3198-4929-8AD8-AA2D5AF2C99D}.Debug|x64.Build.0 = Debug|Any CPU
		{6027D85A-3198-4929-8AD8-AA2D5AF2C99D}.Debug|x86.ActiveCfg = Debug|Any CPU
		{6027D85A-3198-4929-8AD8-AA2D5AF2C99D}.Debug|x86.Build.0 = Debug|Any CPU
		{6027D85A-3198-4929-8AD8-AA2D5AF2C99D}.Release|Any CPU.ActiveCfg = Release|Any CPU
		{6027D85A-3198-4929-8AD8-AA2D5AF2C99D}.Release|Any CPU.Build.0 = Release|Any CPU
		{6027D85A-3198-4929-8AD8-AA2D5AF2C99D}.Release|x64.ActiveCfg = Release|Any CPU
		{6027D85A-3198-4929-8AD8-AA2D5AF2C99D}.Release|x64.Build.0 = Release|Any CPU
		{6027D85A-3198-4929-8AD8-AA2D5AF2C99D}.Release|x86.ActiveCfg = Release|Any CPU
		{6027D85A-3198-4929-8AD8-AA2D5AF2C99D}.Release|x86.Build.0 = Release|Any CPU
	EndGlobalSection
	GlobalSection(SolutionProperties) = preSolution
		HideSolutionNode = FALSE
	EndGlobalSection
	GlobalSection(ExtensibilityGlobals) = postSolution
		SolutionGuid = {67FCA98D-6AFA-468F-8194-220D920DC990}
	EndGlobalSection
EndGlobal
