
Microsoft Visual Studio Solution File, Format Version 12.00
# Visual Studio 15
VisualStudioVersion = 15.0.26730.15
MinimumVisualStudioVersion = 10.0.40219.1
Project("{2150E333-8FDC-42A3-9474-1A3956D46DE8}") = "Solution Items", "Solution Items", "{C326054A-4E61-4570-AF35-45D36EB92FEC}"
EndProject
Project("{9A19103F-16F7-4668-BE54-9A1E7A4F7556}") = "Square2", "Square2\Square2.csproj", "{DDA79437-1C33-4BDE-9C8C-90B088A98691}"
EndProject
Global
	GlobalSection(SolutionConfigurationPlatforms) = preSolution
		Debug|Any CPU = Debug|Any CPU
		Release|Any CPU = Release|Any CPU
	EndGlobalSection
	GlobalSection(ProjectConfigurationPlatforms) = postSolution
		{DDA79437-1C33-4BDE-9C8C-90B088A98691}.Debug|Any CPU.ActiveCfg = Debug|Any CPU
		{DDA79437-1C33-4BDE-9C8C-90B088A98691}.Debug|Any CPU.Build.0 = Debug|Any CPU
		{DDA79437-1C33-4BDE-9C8C-90B088A98691}.Release|Any CPU.ActiveCfg = Release|Any CPU
		{DDA79437-1C33-4BDE-9C8C-90B088A98691}.Release|Any CPU.Build.0 = Release|Any CPU
	EndGlobalSection
	GlobalSection(SolutionProperties) = preSolution
		HideSolutionNode = FALSE
	EndGlobalSection
	GlobalSection(ExtensibilityGlobals) = postSolution
		SolutionGuid = {0B980E8D-A3E1-49BB-BAF0-95DE3EFA2601}
	EndGlobalSection
EndGlobal
